
Microsoft Visual Studio Solution File, Format Version 12.00
# Visual Studio Version 16
VisualStudioVersion = 16.0.31515.178
MinimumVisualStudioVersion = 10.0.40219.1
Project("{FAE04EC0-301F-11D3-BF4B-00C04F79EFBC}") = "SP_CSOM_DEMO2", "SP_CSOM_DEMO2.csproj", "{404C78F5-AA44-48DD-AA91-F73FADFD4F74}"
EndProject
Global
	GlobalSection(SolutionConfigurationPlatforms) = preSolution
		Debug|Any CPU = Debug|Any CPU
		Release|Any CPU = Release|Any CPU
	EndGlobalSection
	GlobalSection(ProjectConfigurationPlatforms) = postSolution
		{404C78F5-AA44-48DD-AA91-F73FADFD4F74}.Debug|Any CPU.ActiveCfg = Debug|Any CPU
		{404C78F5-AA44-48DD-AA91-F73FADFD4F74}.Debug|Any CPU.Build.0 = Debug|Any CPU
		{404C78F5-AA44-48DD-AA91-F73FADFD4F74}.Release|Any CPU.ActiveCfg = Release|Any CPU
		{404C78F5-AA44-48DD-AA91-F73FADFD4F74}.Release|Any CPU.Build.0 = Release|Any CPU
	EndGlobalSection
	GlobalSection(SolutionProperties) = preSolution
		HideSolutionNode = FALSE
	EndGlobalSection
	GlobalSection(ExtensibilityGlobals) = postSolution
		SolutionGuid = {08924BB8-771C-473E-AC3B-40EAD706872B}
	EndGlobalSection
EndGlobal
